
Microsoft Visual Studio Solution File, Format Version 12.00
# Visual Studio Version 17
VisualStudioVersion = 17.3.32811.315
MinimumVisualStudioVersion = 10.0.40219.1
Project("{9A19103F-16F7-4668-BE54-9A1E7A4F7556}") = "PremiereDemo", "PremiereDemo\PremiereDemo.csproj", "{79959A1E-5A62-4628-8E48-20A8ADCFD68F}"
EndProject
Project("{9A19103F-16F7-4668-BE54-9A1E7A4F7556}") = "DemoSansMain", "DemoSansMain\DemoSansMain.csproj", "{E183A8C1-43D2-4380-B07D-61155842DDE8}"
EndProject
Project("{2150E333-8FDC-42A3-9474-1A3956D46DE8}") = "Démos", "Démos", "{05A297CB-AE88-4BCF-95E9-531CAC7F9511}"
EndProject
Project("{9A19103F-16F7-4668-BE54-9A1E7A4F7556}") = "TPHeritage", "TPHeritage\TPHeritage.csproj", "{6635EED4-38A7-4AC0-90D2-EBAC10D80A15}"
EndProject
Project("{2150E333-8FDC-42A3-9474-1A3956D46DE8}") = "TPs", "TPs", "{FEFDE837-BAFE-42A8-B9D6-58C3D0A4594F}"
EndProject
Project("{9A19103F-16F7-4668-BE54-9A1E7A4F7556}") = "DemoLinq", "DemoLinq\DemoLinq.csproj", "{4E3746FD-D398-4155-B0EC-E05605EA9D52}"
EndProject
Project("{9A19103F-16F7-4668-BE54-9A1E7A4F7556}") = "TPLinq", "TPLinq\TPLinq.csproj", "{AF44250C-5577-4022-A411-6C4C2CF7E757}"
EndProject
Project("{2150E333-8FDC-42A3-9474-1A3956D46DE8}") = "Solution Items", "Solution Items", "{181E1760-579E-445E-835C-A95C1F9371B5}"
	ProjectSection(SolutionItems) = preProject
		.editorconfig = .editorconfig
	EndProjectSection
EndProject
Project("{9A19103F-16F7-4668-BE54-9A1E7A4F7556}") = "TPLinq.Live", "TPLinq.Live\TPLinq.Live.csproj", "{FE65C398-85B3-4614-836A-D500165BA235}"
EndProject
Project("{9A19103F-16F7-4668-BE54-9A1E7A4F7556}") = "DemoMVC1", "DemoMVC1\DemoMVC1.csproj", "{58B2B001-8791-4CDB-BC37-7617DA6EC910}"
EndProject
Project("{9A19103F-16F7-4668-BE54-9A1E7A4F7556}") = "TPChats", "TPChats\TPChats.csproj", "{C9452B78-C1E4-47F7-BEF6-9D52EB573A9D}"
EndProject
Project("{2150E333-8FDC-42A3-9474-1A3956D46DE8}") = "Conception", "Conception", "{4AE86E5F-CA5E-485D-83FE-E736312E6A98}"
EndProject
Project("{9A19103F-16F7-4668-BE54-9A1E7A4F7556}") = "DemoConception.Api", "DemoConception.Api\DemoConception.Api.csproj", "{16869CFE-A550-42CD-8ADA-8258055B86E4}"
EndProject
Project("{9A19103F-16F7-4668-BE54-9A1E7A4F7556}") = "DemoConception.Blazor", "DemoConception.Blazor\DemoConception.Blazor.csproj", "{EFD17237-93E9-4C1E-8DBC-723037B1B512}"
EndProject
Project("{9A19103F-16F7-4668-BE54-9A1E7A4F7556}") = "DemoConception.Business", "DemoConception.Business\DemoConception.Business.csproj", "{32044E23-A667-4DB1-B012-7D6F48BD1C07}"
EndProject
Project("{9A19103F-16F7-4668-BE54-9A1E7A4F7556}") = "DemoConception.DAL", "DemoConception.DAL\DemoConception.DAL.csproj", "{B74CDA39-B2C1-4047-B553-1B3CBF7D6568}"
EndProject
Project("{2150E333-8FDC-42A3-9474-1A3956D46DE8}") = "MesTP", "MesTP", "{9C02DB5C-DBA9-44FF-8F35-55FDF1DFC52D}"
EndProject
Project("{2150E333-8FDC-42A3-9474-1A3956D46DE8}") = "TPPizza", "TPPizza", "{2AA460A2-BC2F-4898-9122-876622D077C7}"
EndProject
Project("{FAE04EC0-301F-11D3-BF4B-00C04F79EFBC}") = "TPPizza.Web", "TPPizza.Web\TPPizza.Web.csproj", "{C88471E2-7D5E-479A-AD45-60C3C7CD9656}"
EndProject
Project("{FAE04EC0-301F-11D3-BF4B-00C04F79EFBC}") = "TPPizza.Business", "TPPizza.Business\TPPizza.Business.csproj", "{E0255F6D-3AD1-4572-9BF2-63463F904346}"
EndProject
Project("{9A19103F-16F7-4668-BE54-9A1E7A4F7556}") = "TP01-module03-Linq", "TP01-module03-Linq\TP01-module03-Linq.csproj", "{17E6DB5B-F927-4289-8E40-E5DDD28BD2BB}"
EndProject
Project("{9A19103F-16F7-4668-BE54-9A1E7A4F7556}") = "TP01.module02.Heritage", "TP01.module02.Heritage\TP01.module02.Heritage.csproj", "{AC8E72D4-E6DA-4E2B-BCC8-4988E4C0FF2F}"
EndProject
Project("{9A19103F-16F7-4668-BE54-9A1E7A4F7556}") = "TP01.module05.LesChats", "TP01.module05.LesChats\TP01.module05.LesChats.csproj", "{728CEF4A-B3C7-45B5-939B-49A973266833}"
EndProject
Global
	GlobalSection(SolutionConfigurationPlatforms) = preSolution
		Debug|Any CPU = Debug|Any CPU
		Release|Any CPU = Release|Any CPU
	EndGlobalSection
	GlobalSection(ProjectConfigurationPlatforms) = postSolution
		{79959A1E-5A62-4628-8E48-20A8ADCFD68F}.Debug|Any CPU.ActiveCfg = Debug|Any CPU
		{79959A1E-5A62-4628-8E48-20A8ADCFD68F}.Debug|Any CPU.Build.0 = Debug|Any CPU
		{79959A1E-5A62-4628-8E48-20A8ADCFD68F}.Release|Any CPU.ActiveCfg = Release|Any CPU
		{79959A1E-5A62-4628-8E48-20A8ADCFD68F}.Release|Any CPU.Build.0 = Release|Any CPU
		{E183A8C1-43D2-4380-B07D-61155842DDE8}.Debug|Any CPU.ActiveCfg = Debug|Any CPU
		{E183A8C1-43D2-4380-B07D-61155842DDE8}.Debug|Any CPU.Build.0 = Debug|Any CPU
		{E183A8C1-43D2-4380-B07D-61155842DDE8}.Release|Any CPU.ActiveCfg = Release|Any CPU
		{E183A8C1-43D2-4380-B07D-61155842DDE8}.Release|Any CPU.Build.0 = Release|Any CPU
		{6635EED4-38A7-4AC0-90D2-EBAC10D80A15}.Debug|Any CPU.ActiveCfg = Debug|Any CPU
		{6635EED4-38A7-4AC0-90D2-EBAC10D80A15}.Debug|Any CPU.Build.0 = Debug|Any CPU
		{6635EED4-38A7-4AC0-90D2-EBAC10D80A15}.Release|Any CPU.ActiveCfg = Release|Any CPU
		{6635EED4-38A7-4AC0-90D2-EBAC10D80A15}.Release|Any CPU.Build.0 = Release|Any CPU
		{4E3746FD-D398-4155-B0EC-E05605EA9D52}.Debug|Any CPU.ActiveCfg = Debug|Any CPU
		{4E3746FD-D398-4155-B0EC-E05605EA9D52}.Debug|Any CPU.Build.0 = Debug|Any CPU
		{4E3746FD-D398-4155-B0EC-E05605EA9D52}.Release|Any CPU.ActiveCfg = Release|Any CPU
		{4E3746FD-D398-4155-B0EC-E05605EA9D52}.Release|Any CPU.Build.0 = Release|Any CPU
		{AF44250C-5577-4022-A411-6C4C2CF7E757}.Debug|Any CPU.ActiveCfg = Debug|Any CPU
		{AF44250C-5577-4022-A411-6C4C2CF7E757}.Debug|Any CPU.Build.0 = Debug|Any CPU
		{AF44250C-5577-4022-A411-6C4C2CF7E757}.Release|Any CPU.ActiveCfg = Release|Any CPU
		{AF44250C-5577-4022-A411-6C4C2CF7E757}.Release|Any CPU.Build.0 = Release|Any CPU
		{FE65C398-85B3-4614-836A-D500165BA235}.Debug|Any CPU.ActiveCfg = Debug|Any CPU
		{FE65C398-85B3-4614-836A-D500165BA235}.Debug|Any CPU.Build.0 = Debug|Any CPU
		{FE65C398-85B3-4614-836A-D500165BA235}.Release|Any CPU.ActiveCfg = Release|Any CPU
		{FE65C398-85B3-4614-836A-D500165BA235}.Release|Any CPU.Build.0 = Release|Any CPU
		{58B2B001-8791-4CDB-BC37-7617DA6EC910}.Debug|Any CPU.ActiveCfg = Debug|Any CPU
		{58B2B001-8791-4CDB-BC37-7617DA6EC910}.Debug|Any CPU.Build.0 = Debug|Any CPU
		{58B2B001-8791-4CDB-BC37-7617DA6EC910}.Release|Any CPU.ActiveCfg = Release|Any CPU
		{58B2B001-8791-4CDB-BC37-7617DA6EC910}.Release|Any CPU.Build.0 = Release|Any CPU
		{C9452B78-C1E4-47F7-BEF6-9D52EB573A9D}.Debug|Any CPU.ActiveCfg = Debug|Any CPU
		{C9452B78-C1E4-47F7-BEF6-9D52EB573A9D}.Debug|Any CPU.Build.0 = Debug|Any CPU
		{C9452B78-C1E4-47F7-BEF6-9D52EB573A9D}.Release|Any CPU.ActiveCfg = Release|Any CPU
		{C9452B78-C1E4-47F7-BEF6-9D52EB573A9D}.Release|Any CPU.Build.0 = Release|Any CPU
		{16869CFE-A550-42CD-8ADA-8258055B86E4}.Debug|Any CPU.ActiveCfg = Debug|Any CPU
		{16869CFE-A550-42CD-8ADA-8258055B86E4}.Debug|Any CPU.Build.0 = Debug|Any CPU
		{16869CFE-A550-42CD-8ADA-8258055B86E4}.Release|Any CPU.ActiveCfg = Release|Any CPU
		{16869CFE-A550-42CD-8ADA-8258055B86E4}.Release|Any CPU.Build.0 = Release|Any CPU
		{EFD17237-93E9-4C1E-8DBC-723037B1B512}.Debug|Any CPU.ActiveCfg = Debug|Any CPU
		{EFD17237-93E9-4C1E-8DBC-723037B1B512}.Debug|Any CPU.Build.0 = Debug|Any CPU
		{EFD17237-93E9-4C1E-8DBC-723037B1B512}.Release|Any CPU.ActiveCfg = Release|Any CPU
		{EFD17237-93E9-4C1E-8DBC-723037B1B512}.Release|Any CPU.Build.0 = Release|Any CPU
		{32044E23-A667-4DB1-B012-7D6F48BD1C07}.Debug|Any CPU.ActiveCfg = Debug|Any CPU
		{32044E23-A667-4DB1-B012-7D6F48BD1C07}.Debug|Any CPU.Build.0 = Debug|Any CPU
		{32044E23-A667-4DB1-B012-7D6F48BD1C07}.Release|Any CPU.ActiveCfg = Release|Any CPU
		{32044E23-A667-4DB1-B012-7D6F48BD1C07}.Release|Any CPU.Build.0 = Release|Any CPU
		{B74CDA39-B2C1-4047-B553-1B3CBF7D6568}.Debug|Any CPU.ActiveCfg = Debug|Any CPU
		{B74CDA39-B2C1-4047-B553-1B3CBF7D6568}.Debug|Any CPU.Build.0 = Debug|Any CPU
		{B74CDA39-B2C1-4047-B553-1B3CBF7D6568}.Release|Any CPU.ActiveCfg = Release|Any CPU
		{B74CDA39-B2C1-4047-B553-1B3CBF7D6568}.Release|Any CPU.Build.0 = Release|Any CPU
		{C88471E2-7D5E-479A-AD45-60C3C7CD9656}.Debug|Any CPU.ActiveCfg = Debug|Any CPU
		{C88471E2-7D5E-479A-AD45-60C3C7CD9656}.Debug|Any CPU.Build.0 = Debug|Any CPU
		{C88471E2-7D5E-479A-AD45-60C3C7CD9656}.Release|Any CPU.ActiveCfg = Release|Any CPU
		{C88471E2-7D5E-479A-AD45-60C3C7CD9656}.Release|Any CPU.Build.0 = Release|Any CPU
		{E0255F6D-3AD1-4572-9BF2-63463F904346}.Debug|Any CPU.ActiveCfg = Debug|Any CPU
		{E0255F6D-3AD1-4572-9BF2-63463F904346}.Debug|Any CPU.Build.0 = Debug|Any CPU
		{E0255F6D-3AD1-4572-9BF2-63463F904346}.Release|Any CPU.ActiveCfg = Release|Any CPU
		{E0255F6D-3AD1-4572-9BF2-63463F904346}.Release|Any CPU.Build.0 = Release|Any CPU
		{17E6DB5B-F927-4289-8E40-E5DDD28BD2BB}.Debug|Any CPU.ActiveCfg = Debug|Any CPU
		{17E6DB5B-F927-4289-8E40-E5DDD28BD2BB}.Debug|Any CPU.Build.0 = Debug|Any CPU
		{17E6DB5B-F927-4289-8E40-E5DDD28BD2BB}.Release|Any CPU.ActiveCfg = Release|Any CPU
		{17E6DB5B-F927-4289-8E40-E5DDD28BD2BB}.Release|Any CPU.Build.0 = Release|Any CPU
		{AC8E72D4-E6DA-4E2B-BCC8-4988E4C0FF2F}.Debug|Any CPU.ActiveCfg = Debug|Any CPU
		{AC8E72D4-E6DA-4E2B-BCC8-4988E4C0FF2F}.Debug|Any CPU.Build.0 = Debug|Any CPU
		{AC8E72D4-E6DA-4E2B-BCC8-4988E4C0FF2F}.Release|Any CPU.ActiveCfg = Release|Any CPU
		{AC8E72D4-E6DA-4E2B-BCC8-4988E4C0FF2F}.Release|Any CPU.Build.0 = Release|Any CPU
		{728CEF4A-B3C7-45B5-939B-49A973266833}.Debug|Any CPU.ActiveCfg = Debug|Any CPU
		{728CEF4A-B3C7-45B5-939B-49A973266833}.Debug|Any CPU.Build.0 = Debug|Any CPU
		{728CEF4A-B3C7-45B5-939B-49A973266833}.Release|Any CPU.ActiveCfg = Release|Any CPU
		{728CEF4A-B3C7-45B5-939B-49A973266833}.Release|Any CPU.Build.0 = Release|Any CPU
	EndGlobalSection
	GlobalSection(SolutionProperties) = preSolution
		HideSolutionNode = FALSE
	EndGlobalSection
	GlobalSection(NestedProjects) = preSolution
		{79959A1E-5A62-4628-8E48-20A8ADCFD68F} = {05A297CB-AE88-4BCF-95E9-531CAC7F9511}
		{E183A8C1-43D2-4380-B07D-61155842DDE8} = {05A297CB-AE88-4BCF-95E9-531CAC7F9511}
		{6635EED4-38A7-4AC0-90D2-EBAC10D80A15} = {FEFDE837-BAFE-42A8-B9D6-58C3D0A4594F}
		{4E3746FD-D398-4155-B0EC-E05605EA9D52} = {05A297CB-AE88-4BCF-95E9-531CAC7F9511}
		{AF44250C-5577-4022-A411-6C4C2CF7E757} = {FEFDE837-BAFE-42A8-B9D6-58C3D0A4594F}
		{FE65C398-85B3-4614-836A-D500165BA235} = {FEFDE837-BAFE-42A8-B9D6-58C3D0A4594F}
		{58B2B001-8791-4CDB-BC37-7617DA6EC910} = {05A297CB-AE88-4BCF-95E9-531CAC7F9511}
		{C9452B78-C1E4-47F7-BEF6-9D52EB573A9D} = {FEFDE837-BAFE-42A8-B9D6-58C3D0A4594F}
		{16869CFE-A550-42CD-8ADA-8258055B86E4} = {4AE86E5F-CA5E-485D-83FE-E736312E6A98}
		{EFD17237-93E9-4C1E-8DBC-723037B1B512} = {4AE86E5F-CA5E-485D-83FE-E736312E6A98}
		{32044E23-A667-4DB1-B012-7D6F48BD1C07} = {4AE86E5F-CA5E-485D-83FE-E736312E6A98}
		{B74CDA39-B2C1-4047-B553-1B3CBF7D6568} = {4AE86E5F-CA5E-485D-83FE-E736312E6A98}
		{2AA460A2-BC2F-4898-9122-876622D077C7} = {9C02DB5C-DBA9-44FF-8F35-55FDF1DFC52D}
		{C88471E2-7D5E-479A-AD45-60C3C7CD9656} = {2AA460A2-BC2F-4898-9122-876622D077C7}
		{E0255F6D-3AD1-4572-9BF2-63463F904346} = {2AA460A2-BC2F-4898-9122-876622D077C7}
		{17E6DB5B-F927-4289-8E40-E5DDD28BD2BB} = {9C02DB5C-DBA9-44FF-8F35-55FDF1DFC52D}
		{AC8E72D4-E6DA-4E2B-BCC8-4988E4C0FF2F} = {9C02DB5C-DBA9-44FF-8F35-55FDF1DFC52D}
		{728CEF4A-B3C7-45B5-939B-49A973266833} = {9C02DB5C-DBA9-44FF-8F35-55FDF1DFC52D}
	EndGlobalSection
	GlobalSection(ExtensibilityGlobals) = postSolution
		SolutionGuid = {A3DE346D-0916-4408-8FFB-F3D928330C1F}
	EndGlobalSection
EndGlobal
